{
  "name": "simon-dice",
  "version": "1.0.0",
  "lockfileVersion": 2,
  "requires": true,
  "packages": {
    "": {
      "name": "simon-dice",
      "version": "1.0.0",
      "license": "ISC",
      "dependencies": {
        "material-icons": "^1.10.1"
      }
    },
    "node_modules/material-icons": {
      "version": "1.10.1",
      "resolved": "https://registry.npmjs.org/material-icons/-/material-icons-1.10.1.tgz",
      "integrity": "sha512-1DRuTO/ijtDcnyfSk8n172DFeMq+4U/VlXoKS2zJGossGIvAKe8ryBXh2c6/lEiX6XO9LJF/ZeN347UIiaSNUA=="
    }
  },
  "dependencies": {
    "material-icons": {
      "version": "1.10.1",
      "resolved": "https://registry.npmjs.org/material-icons/-/material-icons-1.10.1.tgz",
      "integrity": "sha512-1DRuTO/ijtDcnyfSk8n172DFeMq+4U/VlXoKS2zJGossGIvAKe8ryBXh2c6/lEiX6XO9LJF/ZeN347UIiaSNUA=="
    }
  }
}
